
Microsoft Visual Studio Solution File, Format Version 12.00
# Visual Studio Version 17
VisualStudioVersion = 17.5.33530.505
MinimumVisualStudioVersion = 10.0.40219.1
Project("{9A19103F-16F7-4668-BE54-9A1E7A4F7556}") = "Aula1", "Aula1\Aula1.csproj", "{9A946A69-B6A1-4EBF-A060-4F0EA82D88FA}"
EndProject
Project("{FAE04EC0-301F-11D3-BF4B-00C04F79EFBC}") = "Aula3", "Aula3\Aula3.csproj", "{88B373A7-E852-41D0-B0C8-9845B19C8AB6}"
EndProject
Project("{FAE04EC0-301F-11D3-BF4B-00C04F79EFBC}") = "Aula4", "Aula4\Aula4.csproj", "{4757C02A-D5C7-4576-AD25-06D2AAD12A48}"
EndProject
Project("{FAE04EC0-301F-11D3-BF4B-00C04F79EFBC}") = "Aula6", "Aula6\Aula6.csproj", "{FF1CE139-6E80-48AF-968C-481C381F6E6E}"
EndProject
Project("{9A19103F-16F7-4668-BE54-9A1E7A4F7556}") = "NetCore", "NetCore\NetCore.csproj", "{78B2248B-5983-48C4-A766-51A8383EE064}"
EndProject
Project("{FAE04EC0-301F-11D3-BF4B-00C04F79EFBC}") = "Aula7", "Aula7\Aula7.csproj", "{B47C2F5E-28B6-4DD5-906A-900F1847DFA8}"
EndProject
Project("{FAE04EC0-301F-11D3-BF4B-00C04F79EFBC}") = "AulaComFastReport", "AulaComFastReport\AulaComFastReport.csproj", "{116485FD-F0C6-4F39-A6C7-1AC589BEBCEB}"
EndProject
Project("{9A19103F-16F7-4668-BE54-9A1E7A4F7556}") = "AulaUsandoLibVlc", "AulaUsandoLibVlc\AulaUsandoLibVlc.csproj", "{3F33B687-3A20-4B95-86E1-747FC2743ADB}"
EndProject
Project("{FAE04EC0-301F-11D3-BF4B-00C04F79EFBC}") = "AppVlcPlay.UWP", "AppVlcPlay\AppVlcPlay.UWP\AppVlcPlay.UWP.csproj", "{BCFBF167-A0FA-4098-9BC3-A3A6E5F070AE}"
EndProject
Project("{FAE04EC0-301F-11D3-BF4B-00C04F79EFBC}") = "AppVlcPlay.Android", "AppVlcPlay\AppVlcPlay.Android\AppVlcPlay.Android.csproj", "{6805D0D4-8E80-48AA-82DC-DB4F1B0DE3B4}"
EndProject
Project("{9A19103F-16F7-4668-BE54-9A1E7A4F7556}") = "AppVlcPlay", "AppVlcPlay\AppVlcPlay\AppVlcPlay.csproj", "{4881A0EE-0981-40F1-B4B7-DC1DF7630746}"
EndProject
Project("{9A19103F-16F7-4668-BE54-9A1E7A4F7556}") = "NetCoreAula", "NetCoreAula\NetCoreAula.csproj", "{224A1AE6-4609-43E2-8520-9F8193CD39FF}"
EndProject
Project("{9A19103F-16F7-4668-BE54-9A1E7A4F7556}") = "Web.Teste", "Web.Teste\Web.Teste.csproj", "{F6F87D6B-2342-4ED8-A8EC-4F0DABCAA85C}"
EndProject
Project("{FAE04EC0-301F-11D3-BF4B-00C04F79EFBC}") = "Fast.App", "Fast.App\Fast.App.csproj", "{BA534F40-C141-4FC7-8C6D-4896D63E0D88}"
EndProject
Project("{9A19103F-16F7-4668-BE54-9A1E7A4F7556}") = "FFMPEGAppTeste", "FFMPEGAppTeste\FFMPEGAppTeste.csproj", "{068DA17A-9371-4664-AA12-5210D710D7B3}"
EndProject
Project("{9A19103F-16F7-4668-BE54-9A1E7A4F7556}") = "Aula7.Heranca", "Aula7.Heranca\Aula7.Heranca.csproj", "{0AF5DA28-42AC-4AE4-81E8-090DEA40E4C1}"
EndProject
Project("{9A19103F-16F7-4668-BE54-9A1E7A4F7556}") = "ImcMauiApp", "ImcMauiApp\ImcMauiApp.csproj", "{4AB3BA36-FD7B-419A-95FF-1F89A52A019F}"
EndProject
Project("{9A19103F-16F7-4668-BE54-9A1E7A4F7556}") = "ModeloNet6", "ModeloNet6\ModeloNet6.csproj", "{1CE30855-E4FB-4CA6-94D8-25A3FEE7B6D2}"
EndProject
Project("{9A19103F-16F7-4668-BE54-9A1E7A4F7556}") = "Estudo.Linq", "Estudo.Linq\Estudo.Linq.csproj", "{7C029B1C-1546-42EC-9204-45A6EE3465BF}"
EndProject
Project("{9A19103F-16F7-4668-BE54-9A1E7A4F7556}") = "OrdenaçãoProcessoSuspensão.App", "OrdenaçãoProcessoSuspensão.App\OrdenaçãoProcessoSuspensão.App.csproj", "{D65D9462-09AD-4898-9866-DC34515E647B}"
EndProject
Project("{9A19103F-16F7-4668-BE54-9A1E7A4F7556}") = "AulaBlazorApp", "AulaBlazorApp\AulaBlazorApp.csproj", "{D61EA8D5-6B59-4423-89BA-9B15054FD716}"
EndProject
Project("{9A19103F-16F7-4668-BE54-9A1E7A4F7556}") = "Aula2BlazorApp", "Aula2BlazorApp\Aula2BlazorApp.csproj", "{62D0D949-EE5E-4CFC-9916-82231FD74BA6}"
EndProject
Project("{9A19103F-16F7-4668-BE54-9A1E7A4F7556}") = "Teste Net6", "Teste Net6\Teste Net6.csproj", "{634F67D0-8F08-4D10-8634-B6D9865149C0}"
EndProject
Project("{9A19103F-16F7-4668-BE54-9A1E7A4F7556}") = "EstudoCertificado", "EstudoCertificado\EstudoCertificado.csproj", "{788E5C09-7333-4463-8275-352D2905FDC7}"
EndProject
Project("{FAE04EC0-301F-11D3-BF4B-00C04F79EFBC}") = "Aula_TDD_Testes_Unitarios_integrados", "Aula_TDD_Testes_Unitarios_integrados\Aula_TDD_Testes_Unitarios_integrados.csproj", "{8F28A374-49D7-445B-918D-3C09A0989752}"
EndProject
Project("{FAE04EC0-301F-11D3-BF4B-00C04F79EFBC}") = "Projeto_Teste_Aula_TDD_", "Projeto_Teste_Aula_TDD_\Projeto_Teste_Aula_TDD_.csproj", "{BA7A6947-ADEE-47EB-A438-09CD981E9FEF}"
EndProject
Project("{FAE04EC0-301F-11D3-BF4B-00C04F79EFBC}") = "Agenda.UIDesktop", "Agenda.UIDesktop\Agenda.UIDesktop.csproj", "{5CF337ED-8AB6-456C-BA5B-8BAA01591E2D}"
EndProject
Project("{FAE04EC0-301F-11D3-BF4B-00C04F79EFBC}") = "Agenda.DAL", "Agenda.DAL\Agenda.DAL.csproj", "{58E688B6-B637-418D-AE2B-1C5AB893954F}"
EndProject
Project("{FAE04EC0-301F-11D3-BF4B-00C04F79EFBC}") = "Agenda.DAL.Test", "Agenda.DAL.Test\Agenda.DAL.Test.csproj", "{79A68444-B3E3-4A26-8C2D-9BF6B59745F9}"
EndProject
Project("{FAE04EC0-301F-11D3-BF4B-00C04F79EFBC}") = "Agenda.Domain", "Agenda.Domain\Agenda.Domain.csproj", "{848BEA41-DED7-418C-B9F2-476F14A4ABFF}"
EndProject
Project("{00D1A9C2-B5F0-4AF3-8072-F6C62B433612}") = "Projeto_TESTE_Database", "Projeto_TESTE_Database\Projeto_TESTE_Database.sqlproj", "{AFCC41DB-3472-48C1-B1A1-969FF027951B}"
EndProject
Project("{FAE04EC0-301F-11D3-BF4B-00C04F79EFBC}") = "Agenda.Repos", "Agenda.Repos\Agenda.Repos.csproj", "{7D780A81-F5A7-4F36-9FE5-194AB8E5C4E8}"
EndProject
Project("{FAE04EC0-301F-11D3-BF4B-00C04F79EFBC}") = "Agenda.Repos.Test", "Agenda.Repos.Test\Agenda.Repos.Test.csproj", "{EAFB31B7-4E31-45E4-9F60-F15D07DD6157}"
EndProject
Global
	GlobalSection(SolutionConfigurationPlatforms) = preSolution
		Debug|Any CPU = Debug|Any CPU
		Debug|ARM = Debug|ARM
		Debug|x64 = Debug|x64
		Debug|x86 = Debug|x86
		Release|Any CPU = Release|Any CPU
		Release|ARM = Release|ARM
		Release|x64 = Release|x64
		Release|x86 = Release|x86
	EndGlobalSection
	GlobalSection(ProjectConfigurationPlatforms) = postSolution
		{9A946A69-B6A1-4EBF-A060-4F0EA82D88FA}.Debug|Any CPU.ActiveCfg = Debug|Any CPU
		{9A946A69-B6A1-4EBF-A060-4F0EA82D88FA}.Debug|Any CPU.Build.0 = Debug|Any CPU
		{9A946A69-B6A1-4EBF-A060-4F0EA82D88FA}.Debug|ARM.ActiveCfg = Debug|Any CPU
		{9A946A69-B6A1-4EBF-A060-4F0EA82D88FA}.Debug|ARM.Build.0 = Debug|Any CPU
		{9A946A69-B6A1-4EBF-A060-4F0EA82D88FA}.Debug|x64.ActiveCfg = Debug|Any CPU
		{9A946A69-B6A1-4EBF-A060-4F0EA82D88FA}.Debug|x64.Build.0 = Debug|Any CPU
		{9A946A69-B6A1-4EBF-A060-4F0EA82D88FA}.Debug|x86.ActiveCfg = Debug|Any CPU
		{9A946A69-B6A1-4EBF-A060-4F0EA82D88FA}.Debug|x86.Build.0 = Debug|Any CPU
		{9A946A69-B6A1-4EBF-A060-4F0EA82D88FA}.Release|Any CPU.ActiveCfg = Release|Any CPU
		{9A946A69-B6A1-4EBF-A060-4F0EA82D88FA}.Release|Any CPU.Build.0 = Release|Any CPU
		{9A946A69-B6A1-4EBF-A060-4F0EA82D88FA}.Release|ARM.ActiveCfg = Release|Any CPU
		{9A946A69-B6A1-4EBF-A060-4F0EA82D88FA}.Release|ARM.Build.0 = Release|Any CPU
		{9A946A69-B6A1-4EBF-A060-4F0EA82D88FA}.Release|x64.ActiveCfg = Release|Any CPU
		{9A946A69-B6A1-4EBF-A060-4F0EA82D88FA}.Release|x64.Build.0 = Release|Any CPU
		{9A946A69-B6A1-4EBF-A060-4F0EA82D88FA}.Release|x86.ActiveCfg = Release|Any CPU
		{9A946A69-B6A1-4EBF-A060-4F0EA82D88FA}.Release|x86.Build.0 = Release|Any CPU
		{88B373A7-E852-41D0-B0C8-9845B19C8AB6}.Debug|Any CPU.ActiveCfg = Debug|Any CPU
		{88B373A7-E852-41D0-B0C8-9845B19C8AB6}.Debug|Any CPU.Build.0 = Debug|Any CPU
		{88B373A7-E852-41D0-B0C8-9845B19C8AB6}.Debug|ARM.ActiveCfg = Debug|Any CPU
		{88B373A7-E852-41D0-B0C8-9845B19C8AB6}.Debug|ARM.Build.0 = Debug|Any CPU
		{88B373A7-E852-41D0-B0C8-9845B19C8AB6}.Debug|x64.ActiveCfg = Debug|Any CPU
		{88B373A7-E852-41D0-B0C8-9845B19C8AB6}.Debug|x64.Build.0 = Debug|Any CPU
		{88B373A7-E852-41D0-B0C8-9845B19C8AB6}.Debug|x86.ActiveCfg = Debug|Any CPU
		{88B373A7-E852-41D0-B0C8-9845B19C8AB6}.Debug|x86.Build.0 = Debug|Any CPU
		{88B373A7-E852-41D0-B0C8-9845B19C8AB6}.Release|Any CPU.ActiveCfg = Release|Any CPU
		{88B373A7-E852-41D0-B0C8-9845B19C8AB6}.Release|Any CPU.Build.0 = Release|Any CPU
		{88B373A7-E852-41D0-B0C8-9845B19C8AB6}.Release|ARM.ActiveCfg = Release|Any CPU
		{88B373A7-E852-41D0-B0C8-9845B19C8AB6}.Release|ARM.Build.0 = Release|Any CPU
		{88B373A7-E852-41D0-B0C8-9845B19C8AB6}.Release|x64.ActiveCfg = Release|Any CPU
		{88B373A7-E852-41D0-B0C8-9845B19C8AB6}.Release|x64.Build.0 = Release|Any CPU
		{88B373A7-E852-41D0-B0C8-9845B19C8AB6}.Release|x86.ActiveCfg = Release|Any CPU
		{88B373A7-E852-41D0-B0C8-9845B19C8AB6}.Release|x86.Build.0 = Release|Any CPU
		{4757C02A-D5C7-4576-AD25-06D2AAD12A48}.Debug|Any CPU.ActiveCfg = Debug|Any CPU
		{4757C02A-D5C7-4576-AD25-06D2AAD12A48}.Debug|Any CPU.Build.0 = Debug|Any CPU
		{4757C02A-D5C7-4576-AD25-06D2AAD12A48}.Debug|ARM.ActiveCfg = Debug|Any CPU
		{4757C02A-D5C7-4576-AD25-06D2AAD12A48}.Debug|ARM.Build.0 = Debug|Any CPU
		{4757C02A-D5C7-4576-AD25-06D2AAD12A48}.Debug|x64.ActiveCfg = Debug|Any CPU
		{4757C02A-D5C7-4576-AD25-06D2AAD12A48}.Debug|x64.Build.0 = Debug|Any CPU
		{4757C02A-D5C7-4576-AD25-06D2AAD12A48}.Debug|x86.ActiveCfg = Debug|Any CPU
		{4757C02A-D5C7-4576-AD25-06D2AAD12A48}.Debug|x86.Build.0 = Debug|Any CPU
		{4757C02A-D5C7-4576-AD25-06D2AAD12A48}.Release|Any CPU.ActiveCfg = Release|Any CPU
		{4757C02A-D5C7-4576-AD25-06D2AAD12A48}.Release|Any CPU.Build.0 = Release|Any CPU
		{4757C02A-D5C7-4576-AD25-06D2AAD12A48}.Release|ARM.ActiveCfg = Release|Any CPU
		{4757C02A-D5C7-4576-AD25-06D2AAD12A48}.Release|ARM.Build.0 = Release|Any CPU
		{4757C02A-D5C7-4576-AD25-06D2AAD12A48}.Release|x64.ActiveCfg = Release|Any CPU
		{4757C02A-D5C7-4576-AD25-06D2AAD12A48}.Release|x64.Build.0 = Release|Any CPU
		{4757C02A-D5C7-4576-AD25-06D2AAD12A48}.Release|x86.ActiveCfg = Release|Any CPU
		{4757C02A-D5C7-4576-AD25-06D2AAD12A48}.Release|x86.Build.0 = Release|Any CPU
		{FF1CE139-6E80-48AF-968C-481C381F6E6E}.Debug|Any CPU.ActiveCfg = Debug|Any CPU
		{FF1CE139-6E80-48AF-968C-481C381F6E6E}.Debug|Any CPU.Build.0 = Debug|Any CPU
		{FF1CE139-6E80-48AF-968C-481C381F6E6E}.Debug|ARM.ActiveCfg = Debug|Any CPU
		{FF1CE139-6E80-48AF-968C-481C381F6E6E}.Debug|ARM.Build.0 = Debug|Any CPU
		{FF1CE139-6E80-48AF-968C-481C381F6E6E}.Debug|x64.ActiveCfg = Debug|Any CPU
		{FF1CE139-6E80-48AF-968C-481C381F6E6E}.Debug|x64.Build.0 = Debug|Any CPU
		{FF1CE139-6E80-48AF-968C-481C381F6E6E}.Debug|x86.ActiveCfg = Debug|Any CPU
		{FF1CE139-6E80-48AF-968C-481C381F6E6E}.Debug|x86.Build.0 = Debug|Any CPU
		{FF1CE139-6E80-48AF-968C-481C381F6E6E}.Release|Any CPU.ActiveCfg = Release|Any CPU
		{FF1CE139-6E80-48AF-968C-481C381F6E6E}.Release|Any CPU.Build.0 = Release|Any CPU
		{FF1CE139-6E80-48AF-968C-481C381F6E6E}.Release|ARM.ActiveCfg = Release|Any CPU
		{FF1CE139-6E80-48AF-968C-481C381F6E6E}.Release|ARM.Build.0 = Release|Any CPU
		{FF1CE139-6E80-48AF-968C-481C381F6E6E}.Release|x64.ActiveCfg = Release|Any CPU
		{FF1CE139-6E80-48AF-968C-481C381F6E6E}.Release|x64.Build.0 = Release|Any CPU
		{FF1CE139-6E80-48AF-968C-481C381F6E6E}.Release|x86.ActiveCfg = Release|Any CPU
		{FF1CE139-6E80-48AF-968C-481C381F6E6E}.Release|x86.Build.0 = Release|Any CPU
		{78B2248B-5983-48C4-A766-51A8383EE064}.Debug|Any CPU.ActiveCfg = Debug|Any CPU
		{78B2248B-5983-48C4-A766-51A8383EE064}.Debug|Any CPU.Build.0 = Debug|Any CPU
		{78B2248B-5983-48C4-A766-51A8383EE064}.Debug|ARM.ActiveCfg = Debug|Any CPU
		{78B2248B-5983-48C4-A766-51A8383EE064}.Debug|ARM.Build.0 = Debug|Any CPU
		{78B2248B-5983-48C4-A766-51A8383EE064}.Debug|x64.ActiveCfg = Debug|Any CPU
		{78B2248B-5983-48C4-A766-51A8383EE064}.Debug|x64.Build.0 = Debug|Any CPU
		{78B2248B-5983-48C4-A766-51A8383EE064}.Debug|x86.ActiveCfg = Debug|Any CPU
		{78B2248B-5983-48C4-A766-51A8383EE064}.Debug|x86.Build.0 = Debug|Any CPU
		{78B2248B-5983-48C4-A766-51A8383EE064}.Release|Any CPU.ActiveCfg = Release|Any CPU
		{78B2248B-5983-48C4-A766-51A8383EE064}.Release|Any CPU.Build.0 = Release|Any CPU
		{78B2248B-5983-48C4-A766-51A8383EE064}.Release|ARM.ActiveCfg = Release|Any CPU
		{78B2248B-5983-48C4-A766-51A8383EE064}.Release|ARM.Build.0 = Release|Any CPU
		{78B2248B-5983-48C4-A766-51A8383EE064}.Release|x64.ActiveCfg = Release|Any CPU
		{78B2248B-5983-48C4-A766-51A8383EE064}.Release|x64.Build.0 = Release|Any CPU
		{78B2248B-5983-48C4-A766-51A8383EE064}.Release|x86.ActiveCfg = Release|Any CPU
		{78B2248B-5983-48C4-A766-51A8383EE064}.Release|x86.Build.0 = Release|Any CPU
		{B47C2F5E-28B6-4DD5-906A-900F1847DFA8}.Debug|Any CPU.ActiveCfg = Debug|Any CPU
		{B47C2F5E-28B6-4DD5-906A-900F1847DFA8}.Debug|Any CPU.Build.0 = Debug|Any CPU
		{B47C2F5E-28B6-4DD5-906A-900F1847DFA8}.Debug|ARM.ActiveCfg = Debug|Any CPU
		{B47C2F5E-28B6-4DD5-906A-900F1847DFA8}.Debug|ARM.Build.0 = Debug|Any CPU
		{B47C2F5E-28B6-4DD5-906A-900F1847DFA8}.Debug|x64.ActiveCfg = Debug|Any CPU
		{B47C2F5E-28B6-4DD5-906A-900F1847DFA8}.Debug|x64.Build.0 = Debug|Any CPU
		{B47C2F5E-28B6-4DD5-906A-900F1847DFA8}.Debug|x86.ActiveCfg = Debug|Any CPU
		{B47C2F5E-28B6-4DD5-906A-900F1847DFA8}.Debug|x86.Build.0 = Debug|Any CPU
		{B47C2F5E-28B6-4DD5-906A-900F1847DFA8}.Release|Any CPU.ActiveCfg = Release|Any CPU
		{B47C2F5E-28B6-4DD5-906A-900F1847DFA8}.Release|Any CPU.Build.0 = Release|Any CPU
		{B47C2F5E-28B6-4DD5-906A-900F1847DFA8}.Release|ARM.ActiveCfg = Release|Any CPU
		{B47C2F5E-28B6-4DD5-906A-900F1847DFA8}.Release|ARM.Build.0 = Release|Any CPU
		{B47C2F5E-28B6-4DD5-906A-900F1847DFA8}.Release|x64.ActiveCfg = Release|Any CPU
		{B47C2F5E-28B6-4DD5-906A-900F1847DFA8}.Release|x64.Build.0 = Release|Any CPU
		{B47C2F5E-28B6-4DD5-906A-900F1847DFA8}.Release|x86.ActiveCfg = Release|Any CPU
		{B47C2F5E-28B6-4DD5-906A-900F1847DFA8}.Release|x86.Build.0 = Release|Any CPU
		{116485FD-F0C6-4F39-A6C7-1AC589BEBCEB}.Debug|Any CPU.ActiveCfg = Debug|Any CPU
		{116485FD-F0C6-4F39-A6C7-1AC589BEBCEB}.Debug|Any CPU.Build.0 = Debug|Any CPU
		{116485FD-F0C6-4F39-A6C7-1AC589BEBCEB}.Debug|ARM.ActiveCfg = Debug|Any CPU
		{116485FD-F0C6-4F39-A6C7-1AC589BEBCEB}.Debug|ARM.Build.0 = Debug|Any CPU
		{116485FD-F0C6-4F39-A6C7-1AC589BEBCEB}.Debug|x64.ActiveCfg = Debug|Any CPU
		{116485FD-F0C6-4F39-A6C7-1AC589BEBCEB}.Debug|x64.Build.0 = Debug|Any CPU
		{116485FD-F0C6-4F39-A6C7-1AC589BEBCEB}.Debug|x86.ActiveCfg = Debug|Any CPU
		{116485FD-F0C6-4F39-A6C7-1AC589BEBCEB}.Debug|x86.Build.0 = Debug|Any CPU
		{116485FD-F0C6-4F39-A6C7-1AC589BEBCEB}.Release|Any CPU.ActiveCfg = Release|Any CPU
		{116485FD-F0C6-4F39-A6C7-1AC589BEBCEB}.Release|Any CPU.Build.0 = Release|Any CPU
		{116485FD-F0C6-4F39-A6C7-1AC589BEBCEB}.Release|ARM.ActiveCfg = Release|Any CPU
		{116485FD-F0C6-4F39-A6C7-1AC589BEBCEB}.Release|ARM.Build.0 = Release|Any CPU
		{116485FD-F0C6-4F39-A6C7-1AC589BEBCEB}.Release|x64.ActiveCfg = Release|Any CPU
		{116485FD-F0C6-4F39-A6C7-1AC589BEBCEB}.Release|x64.Build.0 = Release|Any CPU
		{116485FD-F0C6-4F39-A6C7-1AC589BEBCEB}.Release|x86.ActiveCfg = Release|Any CPU
		{116485FD-F0C6-4F39-A6C7-1AC589BEBCEB}.Release|x86.Build.0 = Release|Any CPU
		{3F33B687-3A20-4B95-86E1-747FC2743ADB}.Debug|Any CPU.ActiveCfg = Debug|Any CPU
		{3F33B687-3A20-4B95-86E1-747FC2743ADB}.Debug|Any CPU.Build.0 = Debug|Any CPU
		{3F33B687-3A20-4B95-86E1-747FC2743ADB}.Debug|ARM.ActiveCfg = Debug|Any CPU
		{3F33B687-3A20-4B95-86E1-747FC2743ADB}.Debug|ARM.Build.0 = Debug|Any CPU
		{3F33B687-3A20-4B95-86E1-747FC2743ADB}.Debug|x64.ActiveCfg = Debug|Any CPU
		{3F33B687-3A20-4B95-86E1-747FC2743ADB}.Debug|x64.Build.0 = Debug|Any CPU
		{3F33B687-3A20-4B95-86E1-747FC2743ADB}.Debug|x86.ActiveCfg = Debug|Any CPU
		{3F33B687-3A20-4B95-86E1-747FC2743ADB}.Debug|x86.Build.0 = Debug|Any CPU
		{3F33B687-3A20-4B95-86E1-747FC2743ADB}.Release|Any CPU.ActiveCfg = Release|Any CPU
		{3F33B687-3A20-4B95-86E1-747FC2743ADB}.Release|Any CPU.Build.0 = Release|Any CPU
		{3F33B687-3A20-4B95-86E1-747FC2743ADB}.Release|ARM.ActiveCfg = Release|Any CPU
		{3F33B687-3A20-4B95-86E1-747FC2743ADB}.Release|ARM.Build.0 = Release|Any CPU
		{3F33B687-3A20-4B95-86E1-747FC2743ADB}.Release|x64.ActiveCfg = Release|Any CPU
		{3F33B687-3A20-4B95-86E1-747FC2743ADB}.Release|x64.Build.0 = Release|Any CPU
		{3F33B687-3A20-4B95-86E1-747FC2743ADB}.Release|x86.ActiveCfg = Release|Any CPU
		{3F33B687-3A20-4B95-86E1-747FC2743ADB}.Release|x86.Build.0 = Release|Any CPU
		{BCFBF167-A0FA-4098-9BC3-A3A6E5F070AE}.Debug|Any CPU.ActiveCfg = Debug|x64
		{BCFBF167-A0FA-4098-9BC3-A3A6E5F070AE}.Debug|Any CPU.Build.0 = Debug|x64
		{BCFBF167-A0FA-4098-9BC3-A3A6E5F070AE}.Debug|Any CPU.Deploy.0 = Debug|x64
		{BCFBF167-A0FA-4098-9BC3-A3A6E5F070AE}.Debug|ARM.ActiveCfg = Debug|ARM
		{BCFBF167-A0FA-4098-9BC3-A3A6E5F070AE}.Debug|ARM.Build.0 = Debug|ARM
		{BCFBF167-A0FA-4098-9BC3-A3A6E5F070AE}.Debug|ARM.Deploy.0 = Debug|ARM
		{BCFBF167-A0FA-4098-9BC3-A3A6E5F070AE}.Debug|x64.ActiveCfg = Debug|x64
		{BCFBF167-A0FA-4098-9BC3-A3A6E5F070AE}.Debug|x64.Build.0 = Debug|x64
		{BCFBF167-A0FA-4098-9BC3-A3A6E5F070AE}.Debug|x64.Deploy.0 = Debug|x64
		{BCFBF167-A0FA-4098-9BC3-A3A6E5F070AE}.Debug|x86.ActiveCfg = Debug|x86
		{BCFBF167-A0FA-4098-9BC3-A3A6E5F070AE}.Debug|x86.Build.0 = Debug|x86
		{BCFBF167-A0FA-4098-9BC3-A3A6E5F070AE}.Debug|x86.Deploy.0 = Debug|x86
		{BCFBF167-A0FA-4098-9BC3-A3A6E5F070AE}.Release|Any CPU.ActiveCfg = Release|x64
		{BCFBF167-A0FA-4098-9BC3-A3A6E5F070AE}.Release|Any CPU.Build.0 = Release|x64
		{BCFBF167-A0FA-4098-9BC3-A3A6E5F070AE}.Release|Any CPU.Deploy.0 = Release|x64
		{BCFBF167-A0FA-4098-9BC3-A3A6E5F070AE}.Release|ARM.ActiveCfg = Release|ARM
		{BCFBF167-A0FA-4098-9BC3-A3A6E5F070AE}.Release|ARM.Build.0 = Release|ARM
		{BCFBF167-A0FA-4098-9BC3-A3A6E5F070AE}.Release|ARM.Deploy.0 = Release|ARM
		{BCFBF167-A0FA-4098-9BC3-A3A6E5F070AE}.Release|x64.ActiveCfg = Release|x64
		{BCFBF167-A0FA-4098-9BC3-A3A6E5F070AE}.Release|x64.Build.0 = Release|x64
		{BCFBF167-A0FA-4098-9BC3-A3A6E5F070AE}.Release|x64.Deploy.0 = Release|x64
		{BCFBF167-A0FA-4098-9BC3-A3A6E5F070AE}.Release|x86.ActiveCfg = Release|x86
		{BCFBF167-A0FA-4098-9BC3-A3A6E5F070AE}.Release|x86.Build.0 = Release|x86
		{BCFBF167-A0FA-4098-9BC3-A3A6E5F070AE}.Release|x86.Deploy.0 = Release|x86
		{6805D0D4-8E80-48AA-82DC-DB4F1B0DE3B4}.Debug|Any CPU.ActiveCfg = Debug|Any CPU
		{6805D0D4-8E80-48AA-82DC-DB4F1B0DE3B4}.Debug|Any CPU.Build.0 = Debug|Any CPU
		{6805D0D4-8E80-48AA-82DC-DB4F1B0DE3B4}.Debug|Any CPU.Deploy.0 = Debug|Any CPU
		{6805D0D4-8E80-48AA-82DC-DB4F1B0DE3B4}.Debug|ARM.ActiveCfg = Debug|Any CPU
		{6805D0D4-8E80-48AA-82DC-DB4F1B0DE3B4}.Debug|ARM.Build.0 = Debug|Any CPU
		{6805D0D4-8E80-48AA-82DC-DB4F1B0DE3B4}.Debug|ARM.Deploy.0 = Debug|Any CPU
		{6805D0D4-8E80-48AA-82DC-DB4F1B0DE3B4}.Debug|x64.ActiveCfg = Debug|Any CPU
		{6805D0D4-8E80-48AA-82DC-DB4F1B0DE3B4}.Debug|x64.Build.0 = Debug|Any CPU
		{6805D0D4-8E80-48AA-82DC-DB4F1B0DE3B4}.Debug|x64.Deploy.0 = Debug|Any CPU
		{6805D0D4-8E80-48AA-82DC-DB4F1B0DE3B4}.Debug|x86.ActiveCfg = Debug|Any CPU
		{6805D0D4-8E80-48AA-82DC-DB4F1B0DE3B4}.Debug|x86.Build.0 = Debug|Any CPU
		{6805D0D4-8E80-48AA-82DC-DB4F1B0DE3B4}.Debug|x86.Deploy.0 = Debug|Any CPU
		{6805D0D4-8E80-48AA-82DC-DB4F1B0DE3B4}.Release|Any CPU.ActiveCfg = Release|Any CPU
		{6805D0D4-8E80-48AA-82DC-DB4F1B0DE3B4}.Release|Any CPU.Build.0 = Release|Any CPU
		{6805D0D4-8E80-48AA-82DC-DB4F1B0DE3B4}.Release|Any CPU.Deploy.0 = Release|Any CPU
		{6805D0D4-8E80-48AA-82DC-DB4F1B0DE3B4}.Release|ARM.ActiveCfg = Release|Any CPU
		{6805D0D4-8E80-48AA-82DC-DB4F1B0DE3B4}.Release|ARM.Build.0 = Release|Any CPU
		{6805D0D4-8E80-48AA-82DC-DB4F1B0DE3B4}.Release|ARM.Deploy.0 = Release|Any CPU
		{6805D0D4-8E80-48AA-82DC-DB4F1B0DE3B4}.Release|x64.ActiveCfg = Release|Any CPU
		{6805D0D4-8E80-48AA-82DC-DB4F1B0DE3B4}.Release|x64.Build.0 = Release|Any CPU
		{6805D0D4-8E80-48AA-82DC-DB4F1B0DE3B4}.Release|x64.Deploy.0 = Release|Any CPU
		{6805D0D4-8E80-48AA-82DC-DB4F1B0DE3B4}.Release|x86.ActiveCfg = Release|Any CPU
		{6805D0D4-8E80-48AA-82DC-DB4F1B0DE3B4}.Release|x86.Build.0 = Release|Any CPU
		{6805D0D4-8E80-48AA-82DC-DB4F1B0DE3B4}.Release|x86.Deploy.0 = Release|Any CPU
		{4881A0EE-0981-40F1-B4B7-DC1DF7630746}.Debug|Any CPU.ActiveCfg = Debug|Any CPU
		{4881A0EE-0981-40F1-B4B7-DC1DF7630746}.Debug|Any CPU.Build.0 = Debug|Any CPU
		{4881A0EE-0981-40F1-B4B7-DC1DF7630746}.Debug|ARM.ActiveCfg = Debug|Any CPU
		{4881A0EE-0981-40F1-B4B7-DC1DF7630746}.Debug|ARM.Build.0 = Debug|Any CPU
		{4881A0EE-0981-40F1-B4B7-DC1DF7630746}.Debug|x64.ActiveCfg = Debug|Any CPU
		{4881A0EE-0981-40F1-B4B7-DC1DF7630746}.Debug|x64.Build.0 = Debug|Any CPU
		{4881A0EE-0981-40F1-B4B7-DC1DF7630746}.Debug|x86.ActiveCfg = Debug|Any CPU
		{4881A0EE-0981-40F1-B4B7-DC1DF7630746}.Debug|x86.Build.0 = Debug|Any CPU
		{4881A0EE-0981-40F1-B4B7-DC1DF7630746}.Release|Any CPU.ActiveCfg = Release|Any CPU
		{4881A0EE-0981-40F1-B4B7-DC1DF7630746}.Release|Any CPU.Build.0 = Release|Any CPU
		{4881A0EE-0981-40F1-B4B7-DC1DF7630746}.Release|ARM.ActiveCfg = Release|Any CPU
		{4881A0EE-0981-40F1-B4B7-DC1DF7630746}.Release|ARM.Build.0 = Release|Any CPU
		{4881A0EE-0981-40F1-B4B7-DC1DF7630746}.Release|x64.ActiveCfg = Release|Any CPU
		{4881A0EE-0981-40F1-B4B7-DC1DF7630746}.Release|x64.Build.0 = Release|Any CPU
		{4881A0EE-0981-40F1-B4B7-DC1DF7630746}.Release|x86.ActiveCfg = Release|Any CPU
		{4881A0EE-0981-40F1-B4B7-DC1DF7630746}.Release|x86.Build.0 = Release|Any CPU
		{224A1AE6-4609-43E2-8520-9F8193CD39FF}.Debug|Any CPU.ActiveCfg = Debug|Any CPU
		{224A1AE6-4609-43E2-8520-9F8193CD39FF}.Debug|Any CPU.Build.0 = Debug|Any CPU
		{224A1AE6-4609-43E2-8520-9F8193CD39FF}.Debug|ARM.ActiveCfg = Debug|Any CPU
		{224A1AE6-4609-43E2-8520-9F8193CD39FF}.Debug|ARM.Build.0 = Debug|Any CPU
		{224A1AE6-4609-43E2-8520-9F8193CD39FF}.Debug|x64.ActiveCfg = Debug|Any CPU
		{224A1AE6-4609-43E2-8520-9F8193CD39FF}.Debug|x64.Build.0 = Debug|Any CPU
		{224A1AE6-4609-43E2-8520-9F8193CD39FF}.Debug|x86.ActiveCfg = Debug|Any CPU
		{224A1AE6-4609-43E2-8520-9F8193CD39FF}.Debug|x86.Build.0 = Debug|Any CPU
		{224A1AE6-4609-43E2-8520-9F8193CD39FF}.Release|Any CPU.ActiveCfg = Release|Any CPU
		{224A1AE6-4609-43E2-8520-9F8193CD39FF}.Release|Any CPU.Build.0 = Release|Any CPU
		{224A1AE6-4609-43E2-8520-9F8193CD39FF}.Release|ARM.ActiveCfg = Release|Any CPU
		{224A1AE6-4609-43E2-8520-9F8193CD39FF}.Release|ARM.Build.0 = Release|Any CPU
		{224A1AE6-4609-43E2-8520-9F8193CD39FF}.Release|x64.ActiveCfg = Release|Any CPU
		{224A1AE6-4609-43E2-8520-9F8193CD39FF}.Release|x64.Build.0 = Release|Any CPU
		{224A1AE6-4609-43E2-8520-9F8193CD39FF}.Release|x86.ActiveCfg = Release|Any CPU
		{224A1AE6-4609-43E2-8520-9F8193CD39FF}.Release|x86.Build.0 = Release|Any CPU
		{F6F87D6B-2342-4ED8-A8EC-4F0DABCAA85C}.Debug|Any CPU.ActiveCfg = Debug|Any CPU
		{F6F87D6B-2342-4ED8-A8EC-4F0DABCAA85C}.Debug|Any CPU.Build.0 = Debug|Any CPU
		{F6F87D6B-2342-4ED8-A8EC-4F0DABCAA85C}.Debug|ARM.ActiveCfg = Debug|Any CPU
		{F6F87D6B-2342-4ED8-A8EC-4F0DABCAA85C}.Debug|ARM.Build.0 = Debug|Any CPU
		{F6F87D6B-2342-4ED8-A8EC-4F0DABCAA85C}.Debug|x64.ActiveCfg = Debug|Any CPU
		{F6F87D6B-2342-4ED8-A8EC-4F0DABCAA85C}.Debug|x64.Build.0 = Debug|Any CPU
		{F6F87D6B-2342-4ED8-A8EC-4F0DABCAA85C}.Debug|x86.ActiveCfg = Debug|Any CPU
		{F6F87D6B-2342-4ED8-A8EC-4F0DABCAA85C}.Debug|x86.Build.0 = Debug|Any CPU
		{F6F87D6B-2342-4ED8-A8EC-4F0DABCAA85C}.Release|Any CPU.ActiveCfg = Release|Any CPU
		{F6F87D6B-2342-4ED8-A8EC-4F0DABCAA85C}.Release|Any CPU.Build.0 = Release|Any CPU
		{F6F87D6B-2342-4ED8-A8EC-4F0DABCAA85C}.Release|ARM.ActiveCfg = Release|Any CPU
		{F6F87D6B-2342-4ED8-A8EC-4F0DABCAA85C}.Release|ARM.Build.0 = Release|Any CPU
		{F6F87D6B-2342-4ED8-A8EC-4F0DABCAA85C}.Release|x64.ActiveCfg = Release|Any CPU
		{F6F87D6B-2342-4ED8-A8EC-4F0DABCAA85C}.Release|x64.Build.0 = Release|Any CPU
		{F6F87D6B-2342-4ED8-A8EC-4F0DABCAA85C}.Release|x86.ActiveCfg = Release|Any CPU
		{F6F87D6B-2342-4ED8-A8EC-4F0DABCAA85C}.Release|x86.Build.0 = Release|Any CPU
		{BA534F40-C141-4FC7-8C6D-4896D63E0D88}.Debug|Any CPU.ActiveCfg = Debug|Any CPU
		{BA534F40-C141-4FC7-8C6D-4896D63E0D88}.Debug|Any CPU.Build.0 = Debug|Any CPU
		{BA534F40-C141-4FC7-8C6D-4896D63E0D88}.Debug|ARM.ActiveCfg = Debug|Any CPU
		{BA534F40-C141-4FC7-8C6D-4896D63E0D88}.Debug|ARM.Build.0 = Debug|Any CPU
		{BA534F40-C141-4FC7-8C6D-4896D63E0D88}.Debug|x64.ActiveCfg = Debug|Any CPU
		{BA534F40-C141-4FC7-8C6D-4896D63E0D88}.Debug|x64.Build.0 = Debug|Any CPU
		{BA534F40-C141-4FC7-8C6D-4896D63E0D88}.Debug|x86.ActiveCfg = Debug|Any CPU
		{BA534F40-C141-4FC7-8C6D-4896D63E0D88}.Debug|x86.Build.0 = Debug|Any CPU
		{BA534F40-C141-4FC7-8C6D-4896D63E0D88}.Release|Any CPU.ActiveCfg = Release|Any CPU
		{BA534F40-C141-4FC7-8C6D-4896D63E0D88}.Release|Any CPU.Build.0 = Release|Any CPU
		{BA534F40-C141-4FC7-8C6D-4896D63E0D88}.Release|ARM.ActiveCfg = Release|Any CPU
		{BA534F40-C141-4FC7-8C6D-4896D63E0D88}.Release|ARM.Build.0 = Release|Any CPU
		{BA534F40-C141-4FC7-8C6D-4896D63E0D88}.Release|x64.ActiveCfg = Release|Any CPU
		{BA534F40-C141-4FC7-8C6D-4896D63E0D88}.Release|x64.Build.0 = Release|Any CPU
		{BA534F40-C141-4FC7-8C6D-4896D63E0D88}.Release|x86.ActiveCfg = Release|Any CPU
		{BA534F40-C141-4FC7-8C6D-4896D63E0D88}.Release|x86.Build.0 = Release|Any CPU
		{068DA17A-9371-4664-AA12-5210D710D7B3}.Debug|Any CPU.ActiveCfg = Debug|Any CPU
		{068DA17A-9371-4664-AA12-5210D710D7B3}.Debug|Any CPU.Build.0 = Debug|Any CPU
		{068DA17A-9371-4664-AA12-5210D710D7B3}.Debug|ARM.ActiveCfg = Debug|Any CPU
		{068DA17A-9371-4664-AA12-5210D710D7B3}.Debug|ARM.Build.0 = Debug|Any CPU
		{068DA17A-9371-4664-AA12-5210D710D7B3}.Debug|x64.ActiveCfg = Debug|Any CPU
		{068DA17A-9371-4664-AA12-5210D710D7B3}.Debug|x64.Build.0 = Debug|Any CPU
		{068DA17A-9371-4664-AA12-5210D710D7B3}.Debug|x86.ActiveCfg = Debug|Any CPU
		{068DA17A-9371-4664-AA12-5210D710D7B3}.Debug|x86.Build.0 = Debug|Any CPU
		{068DA17A-9371-4664-AA12-5210D710D7B3}.Release|Any CPU.ActiveCfg = Release|Any CPU
		{068DA17A-9371-4664-AA12-5210D710D7B3}.Release|Any CPU.Build.0 = Release|Any CPU
		{068DA17A-9371-4664-AA12-5210D710D7B3}.Release|ARM.ActiveCfg = Release|Any CPU
		{068DA17A-9371-4664-AA12-5210D710D7B3}.Release|ARM.Build.0 = Release|Any CPU
		{068DA17A-9371-4664-AA12-5210D710D7B3}.Release|x64.ActiveCfg = Release|Any CPU
		{068DA17A-9371-4664-AA12-5210D710D7B3}.Release|x64.Build.0 = Release|Any CPU
		{068DA17A-9371-4664-AA12-5210D710D7B3}.Release|x86.ActiveCfg = Release|Any CPU
		{068DA17A-9371-4664-AA12-5210D710D7B3}.Release|x86.Build.0 = Release|Any CPU
		{0AF5DA28-42AC-4AE4-81E8-090DEA40E4C1}.Debug|Any CPU.ActiveCfg = Debug|Any CPU
		{0AF5DA28-42AC-4AE4-81E8-090DEA40E4C1}.Debug|Any CPU.Build.0 = Debug|Any CPU
		{0AF5DA28-42AC-4AE4-81E8-090DEA40E4C1}.Debug|ARM.ActiveCfg = Debug|Any CPU
		{0AF5DA28-42AC-4AE4-81E8-090DEA40E4C1}.Debug|ARM.Build.0 = Debug|Any CPU
		{0AF5DA28-42AC-4AE4-81E8-090DEA40E4C1}.Debug|x64.ActiveCfg = Debug|Any CPU
		{0AF5DA28-42AC-4AE4-81E8-090DEA40E4C1}.Debug|x64.Build.0 = Debug|Any CPU
		{0AF5DA28-42AC-4AE4-81E8-090DEA40E4C1}.Debug|x86.ActiveCfg = Debug|Any CPU
		{0AF5DA28-42AC-4AE4-81E8-090DEA40E4C1}.Debug|x86.Build.0 = Debug|Any CPU
		{0AF5DA28-42AC-4AE4-81E8-090DEA40E4C1}.Release|Any CPU.ActiveCfg = Release|Any CPU
		{0AF5DA28-42AC-4AE4-81E8-090DEA40E4C1}.Release|Any CPU.Build.0 = Release|Any CPU
		{0AF5DA28-42AC-4AE4-81E8-090DEA40E4C1}.Release|ARM.ActiveCfg = Release|Any CPU
		{0AF5DA28-42AC-4AE4-81E8-090DEA40E4C1}.Release|ARM.Build.0 = Release|Any CPU
		{0AF5DA28-42AC-4AE4-81E8-090DEA40E4C1}.Release|x64.ActiveCfg = Release|Any CPU
		{0AF5DA28-42AC-4AE4-81E8-090DEA40E4C1}.Release|x64.Build.0 = Release|Any CPU
		{0AF5DA28-42AC-4AE4-81E8-090DEA40E4C1}.Release|x86.ActiveCfg = Release|Any CPU
		{0AF5DA28-42AC-4AE4-81E8-090DEA40E4C1}.Release|x86.Build.0 = Release|Any CPU
		{4AB3BA36-FD7B-419A-95FF-1F89A52A019F}.Debug|Any CPU.ActiveCfg = Debug|Any CPU
		{4AB3BA36-FD7B-419A-95FF-1F89A52A019F}.Debug|Any CPU.Build.0 = Debug|Any CPU
		{4AB3BA36-FD7B-419A-95FF-1F89A52A019F}.Debug|Any CPU.Deploy.0 = Debug|Any CPU
		{4AB3BA36-FD7B-419A-95FF-1F89A52A019F}.Debug|ARM.ActiveCfg = Debug|Any CPU
		{4AB3BA36-FD7B-419A-95FF-1F89A52A019F}.Debug|ARM.Build.0 = Debug|Any CPU
		{4AB3BA36-FD7B-419A-95FF-1F89A52A019F}.Debug|ARM.Deploy.0 = Debug|Any CPU
		{4AB3BA36-FD7B-419A-95FF-1F89A52A019F}.Debug|x64.ActiveCfg = Debug|Any CPU
		{4AB3BA36-FD7B-419A-95FF-1F89A52A019F}.Debug|x64.Build.0 = Debug|Any CPU
		{4AB3BA36-FD7B-419A-95FF-1F89A52A019F}.Debug|x64.Deploy.0 = Debug|Any CPU
		{4AB3BA36-FD7B-419A-95FF-1F89A52A019F}.Debug|x86.ActiveCfg = Debug|Any CPU
		{4AB3BA36-FD7B-419A-95FF-1F89A52A019F}.Debug|x86.Build.0 = Debug|Any CPU
		{4AB3BA36-FD7B-419A-95FF-1F89A52A019F}.Debug|x86.Deploy.0 = Debug|Any CPU
		{4AB3BA36-FD7B-419A-95FF-1F89A52A019F}.Release|Any CPU.ActiveCfg = Release|Any CPU
		{4AB3BA36-FD7B-419A-95FF-1F89A52A019F}.Release|Any CPU.Build.0 = Release|Any CPU
		{4AB3BA36-FD7B-419A-95FF-1F89A52A019F}.Release|Any CPU.Deploy.0 = Release|Any CPU
		{4AB3BA36-FD7B-419A-95FF-1F89A52A019F}.Release|ARM.ActiveCfg = Release|Any CPU
		{4AB3BA36-FD7B-419A-95FF-1F89A52A019F}.Release|ARM.Build.0 = Release|Any CPU
		{4AB3BA36-FD7B-419A-95FF-1F89A52A019F}.Release|ARM.Deploy.0 = Release|Any CPU
		{4AB3BA36-FD7B-419A-95FF-1F89A52A019F}.Release|x64.ActiveCfg = Release|Any CPU
		{4AB3BA36-FD7B-419A-95FF-1F89A52A019F}.Release|x64.Build.0 = Release|Any CPU
		{4AB3BA36-FD7B-419A-95FF-1F89A52A019F}.Release|x64.Deploy.0 = Release|Any CPU
		{4AB3BA36-FD7B-419A-95FF-1F89A52A019F}.Release|x86.ActiveCfg = Release|Any CPU
		{4AB3BA36-FD7B-419A-95FF-1F89A52A019F}.Release|x86.Build.0 = Release|Any CPU
		{4AB3BA36-FD7B-419A-95FF-1F89A52A019F}.Release|x86.Deploy.0 = Release|Any CPU
		{1CE30855-E4FB-4CA6-94D8-25A3FEE7B6D2}.Debug|Any CPU.ActiveCfg = Debug|Any CPU
		{1CE30855-E4FB-4CA6-94D8-25A3FEE7B6D2}.Debug|Any CPU.Build.0 = Debug|Any CPU
		{1CE30855-E4FB-4CA6-94D8-25A3FEE7B6D2}.Debug|ARM.ActiveCfg = Debug|Any CPU
		{1CE30855-E4FB-4CA6-94D8-25A3FEE7B6D2}.Debug|ARM.Build.0 = Debug|Any CPU
		{1CE30855-E4FB-4CA6-94D8-25A3FEE7B6D2}.Debug|x64.ActiveCfg = Debug|Any CPU
		{1CE30855-E4FB-4CA6-94D8-25A3FEE7B6D2}.Debug|x64.Build.0 = Debug|Any CPU
		{1CE30855-E4FB-4CA6-94D8-25A3FEE7B6D2}.Debug|x86.ActiveCfg = Debug|Any CPU
		{1CE30855-E4FB-4CA6-94D8-25A3FEE7B6D2}.Debug|x86.Build.0 = Debug|Any CPU
		{1CE30855-E4FB-4CA6-94D8-25A3FEE7B6D2}.Release|Any CPU.ActiveCfg = Release|Any CPU
		{1CE30855-E4FB-4CA6-94D8-25A3FEE7B6D2}.Release|Any CPU.Build.0 = Release|Any CPU
		{1CE30855-E4FB-4CA6-94D8-25A3FEE7B6D2}.Release|ARM.ActiveCfg = Release|Any CPU
		{1CE30855-E4FB-4CA6-94D8-25A3FEE7B6D2}.Release|ARM.Build.0 = Release|Any CPU
		{1CE30855-E4FB-4CA6-94D8-25A3FEE7B6D2}.Release|x64.ActiveCfg = Release|Any CPU
		{1CE30855-E4FB-4CA6-94D8-25A3FEE7B6D2}.Release|x64.Build.0 = Release|Any CPU
		{1CE30855-E4FB-4CA6-94D8-25A3FEE7B6D2}.Release|x86.ActiveCfg = Release|Any CPU
		{1CE30855-E4FB-4CA6-94D8-25A3FEE7B6D2}.Release|x86.Build.0 = Release|Any CPU
		{7C029B1C-1546-42EC-9204-45A6EE3465BF}.Debug|Any CPU.ActiveCfg = Debug|Any CPU
		{7C029B1C-1546-42EC-9204-45A6EE3465BF}.Debug|Any CPU.Build.0 = Debug|Any CPU
		{7C029B1C-1546-42EC-9204-45A6EE3465BF}.Debug|ARM.ActiveCfg = Debug|Any CPU
		{7C029B1C-1546-42EC-9204-45A6EE3465BF}.Debug|ARM.Build.0 = Debug|Any CPU
		{7C029B1C-1546-42EC-9204-45A6EE3465BF}.Debug|x64.ActiveCfg = Debug|Any CPU
		{7C029B1C-1546-42EC-9204-45A6EE3465BF}.Debug|x64.Build.0 = Debug|Any CPU
		{7C029B1C-1546-42EC-9204-45A6EE3465BF}.Debug|x86.ActiveCfg = Debug|Any CPU
		{7C029B1C-1546-42EC-9204-45A6EE3465BF}.Debug|x86.Build.0 = Debug|Any CPU
		{7C029B1C-1546-42EC-9204-45A6EE3465BF}.Release|Any CPU.ActiveCfg = Release|Any CPU
		{7C029B1C-1546-42EC-9204-45A6EE3465BF}.Release|Any CPU.Build.0 = Release|Any CPU
		{7C029B1C-1546-42EC-9204-45A6EE3465BF}.Release|ARM.ActiveCfg = Release|Any CPU
		{7C029B1C-1546-42EC-9204-45A6EE3465BF}.Release|ARM.Build.0 = Release|Any CPU
		{7C029B1C-1546-42EC-9204-45A6EE3465BF}.Release|x64.ActiveCfg = Release|Any CPU
		{7C029B1C-1546-42EC-9204-45A6EE3465BF}.Release|x64.Build.0 = Release|Any CPU
		{7C029B1C-1546-42EC-9204-45A6EE3465BF}.Release|x86.ActiveCfg = Release|Any CPU
		{7C029B1C-1546-42EC-9204-45A6EE3465BF}.Release|x86.Build.0 = Release|Any CPU
		{D65D9462-09AD-4898-9866-DC34515E647B}.Debug|Any CPU.ActiveCfg = Debug|Any CPU
		{D65D9462-09AD-4898-9866-DC34515E647B}.Debug|Any CPU.Build.0 = Debug|Any CPU
		{D65D9462-09AD-4898-9866-DC34515E647B}.Debug|ARM.ActiveCfg = Debug|Any CPU
		{D65D9462-09AD-4898-9866-DC34515E647B}.Debug|ARM.Build.0 = Debug|Any CPU
		{D65D9462-09AD-4898-9866-DC34515E647B}.Debug|x64.ActiveCfg = Debug|Any CPU
		{D65D9462-09AD-4898-9866-DC34515E647B}.Debug|x64.Build.0 = Debug|Any CPU
		{D65D9462-09AD-4898-9866-DC34515E647B}.Debug|x86.ActiveCfg = Debug|Any CPU
		{D65D9462-09AD-4898-9866-DC34515E647B}.Debug|x86.Build.0 = Debug|Any CPU
		{D65D9462-09AD-4898-9866-DC34515E647B}.Release|Any CPU.ActiveCfg = Release|Any CPU
		{D65D9462-09AD-4898-9866-DC34515E647B}.Release|Any CPU.Build.0 = Release|Any CPU
		{D65D9462-09AD-4898-9866-DC34515E647B}.Release|ARM.ActiveCfg = Release|Any CPU
		{D65D9462-09AD-4898-9866-DC34515E647B}.Release|ARM.Build.0 = Release|Any CPU
		{D65D9462-09AD-4898-9866-DC34515E647B}.Release|x64.ActiveCfg = Release|Any CPU
		{D65D9462-09AD-4898-9866-DC34515E647B}.Release|x64.Build.0 = Release|Any CPU
		{D65D9462-09AD-4898-9866-DC34515E647B}.Release|x86.ActiveCfg = Release|Any CPU
		{D65D9462-09AD-4898-9866-DC34515E647B}.Release|x86.Build.0 = Release|Any CPU
		{D61EA8D5-6B59-4423-89BA-9B15054FD716}.Debug|Any CPU.ActiveCfg = Debug|Any CPU
		{D61EA8D5-6B59-4423-89BA-9B15054FD716}.Debug|Any CPU.Build.0 = Debug|Any CPU
		{D61EA8D5-6B59-4423-89BA-9B15054FD716}.Debug|ARM.ActiveCfg = Debug|Any CPU
		{D61EA8D5-6B59-4423-89BA-9B15054FD716}.Debug|ARM.Build.0 = Debug|Any CPU
		{D61EA8D5-6B59-4423-89BA-9B15054FD716}.Debug|x64.ActiveCfg = Debug|Any CPU
		{D61EA8D5-6B59-4423-89BA-9B15054FD716}.Debug|x64.Build.0 = Debug|Any CPU
		{D61EA8D5-6B59-4423-89BA-9B15054FD716}.Debug|x86.ActiveCfg = Debug|Any CPU
		{D61EA8D5-6B59-4423-89BA-9B15054FD716}.Debug|x86.Build.0 = Debug|Any CPU
		{D61EA8D5-6B59-4423-89BA-9B15054FD716}.Release|Any CPU.ActiveCfg = Release|Any CPU
		{D61EA8D5-6B59-4423-89BA-9B15054FD716}.Release|Any CPU.Build.0 = Release|Any CPU
		{D61EA8D5-6B59-4423-89BA-9B15054FD716}.Release|ARM.ActiveCfg = Release|Any CPU
		{D61EA8D5-6B59-4423-89BA-9B15054FD716}.Release|ARM.Build.0 = Release|Any CPU
		{D61EA8D5-6B59-4423-89BA-9B15054FD716}.Release|x64.ActiveCfg = Release|Any CPU
		{D61EA8D5-6B59-4423-89BA-9B15054FD716}.Release|x64.Build.0 = Release|Any CPU
		{D61EA8D5-6B59-4423-89BA-9B15054FD716}.Release|x86.ActiveCfg = Release|Any CPU
		{D61EA8D5-6B59-4423-89BA-9B15054FD716}.Release|x86.Build.0 = Release|Any CPU
		{62D0D949-EE5E-4CFC-9916-82231FD74BA6}.Debug|Any CPU.ActiveCfg = Debug|Any CPU
		{62D0D949-EE5E-4CFC-9916-82231FD74BA6}.Debug|Any CPU.Build.0 = Debug|Any CPU
		{62D0D949-EE5E-4CFC-9916-82231FD74BA6}.Debug|ARM.ActiveCfg = Debug|Any CPU
		{62D0D949-EE5E-4CFC-9916-82231FD74BA6}.Debug|ARM.Build.0 = Debug|Any CPU
		{62D0D949-EE5E-4CFC-9916-82231FD74BA6}.Debug|x64.ActiveCfg = Debug|Any CPU
		{62D0D949-EE5E-4CFC-9916-82231FD74BA6}.Debug|x64.Build.0 = Debug|Any CPU
		{62D0D949-EE5E-4CFC-9916-82231FD74BA6}.Debug|x86.ActiveCfg = Debug|Any CPU
		{62D0D949-EE5E-4CFC-9916-82231FD74BA6}.Debug|x86.Build.0 = Debug|Any CPU
		{62D0D949-EE5E-4CFC-9916-82231FD74BA6}.Release|Any CPU.ActiveCfg = Release|Any CPU
		{62D0D949-EE5E-4CFC-9916-82231FD74BA6}.Release|Any CPU.Build.0 = Release|Any CPU
		{62D0D949-EE5E-4CFC-9916-82231FD74BA6}.Release|ARM.ActiveCfg = Release|Any CPU
		{62D0D949-EE5E-4CFC-9916-82231FD74BA6}.Release|ARM.Build.0 = Release|Any CPU
		{62D0D949-EE5E-4CFC-9916-82231FD74BA6}.Release|x64.ActiveCfg = Release|Any CPU
		{62D0D949-EE5E-4CFC-9916-82231FD74BA6}.Release|x64.Build.0 = Release|Any CPU
		{62D0D949-EE5E-4CFC-9916-82231FD74BA6}.Release|x86.ActiveCfg = Release|Any CPU
		{62D0D949-EE5E-4CFC-9916-82231FD74BA6}.Release|x86.Build.0 = Release|Any CPU
		{634F67D0-8F08-4D10-8634-B6D9865149C0}.Debug|Any CPU.ActiveCfg = Debug|Any CPU
		{634F67D0-8F08-4D10-8634-B6D9865149C0}.Debug|Any CPU.Build.0 = Debug|Any CPU
		{634F67D0-8F08-4D10-8634-B6D9865149C0}.Debug|ARM.ActiveCfg = Debug|Any CPU
		{634F67D0-8F08-4D10-8634-B6D9865149C0}.Debug|ARM.Build.0 = Debug|Any CPU
		{634F67D0-8F08-4D10-8634-B6D9865149C0}.Debug|x64.ActiveCfg = Debug|Any CPU
		{634F67D0-8F08-4D10-8634-B6D9865149C0}.Debug|x64.Build.0 = Debug|Any CPU
		{634F67D0-8F08-4D10-8634-B6D9865149C0}.Debug|x86.ActiveCfg = Debug|Any CPU
		{634F67D0-8F08-4D10-8634-B6D9865149C0}.Debug|x86.Build.0 = Debug|Any CPU
		{634F67D0-8F08-4D10-8634-B6D9865149C0}.Release|Any CPU.ActiveCfg = Release|Any CPU
		{634F67D0-8F08-4D10-8634-B6D9865149C0}.Release|Any CPU.Build.0 = Release|Any CPU
		{634F67D0-8F08-4D10-8634-B6D9865149C0}.Release|ARM.ActiveCfg = Release|Any CPU
		{634F67D0-8F08-4D10-8634-B6D9865149C0}.Release|ARM.Build.0 = Release|Any CPU
		{634F67D0-8F08-4D10-8634-B6D9865149C0}.Release|x64.ActiveCfg = Release|Any CPU
		{634F67D0-8F08-4D10-8634-B6D9865149C0}.Release|x64.Build.0 = Release|Any CPU
		{634F67D0-8F08-4D10-8634-B6D9865149C0}.Release|x86.ActiveCfg = Release|Any CPU
		{634F67D0-8F08-4D10-8634-B6D9865149C0}.Release|x86.Build.0 = Release|Any CPU
		{788E5C09-7333-4463-8275-352D2905FDC7}.Debug|Any CPU.ActiveCfg = Debug|Any CPU
		{788E5C09-7333-4463-8275-352D2905FDC7}.Debug|Any CPU.Build.0 = Debug|Any CPU
		{788E5C09-7333-4463-8275-352D2905FDC7}.Debug|ARM.ActiveCfg = Debug|Any CPU
		{788E5C09-7333-4463-8275-352D2905FDC7}.Debug|ARM.Build.0 = Debug|Any CPU
		{788E5C09-7333-4463-8275-352D2905FDC7}.Debug|x64.ActiveCfg = Debug|Any CPU
		{788E5C09-7333-4463-8275-352D2905FDC7}.Debug|x64.Build.0 = Debug|Any CPU
		{788E5C09-7333-4463-8275-352D2905FDC7}.Debug|x86.ActiveCfg = Debug|Any CPU
		{788E5C09-7333-4463-8275-352D2905FDC7}.Debug|x86.Build.0 = Debug|Any CPU
		{788E5C09-7333-4463-8275-352D2905FDC7}.Release|Any CPU.ActiveCfg = Release|Any CPU
		{788E5C09-7333-4463-8275-352D2905FDC7}.Release|Any CPU.Build.0 = Release|Any CPU
		{788E5C09-7333-4463-8275-352D2905FDC7}.Release|ARM.ActiveCfg = Release|Any CPU
		{788E5C09-7333-4463-8275-352D2905FDC7}.Release|ARM.Build.0 = Release|Any CPU
		{788E5C09-7333-4463-8275-352D2905FDC7}.Release|x64.ActiveCfg = Release|Any CPU
		{788E5C09-7333-4463-8275-352D2905FDC7}.Release|x64.Build.0 = Release|Any CPU
		{788E5C09-7333-4463-8275-352D2905FDC7}.Release|x86.ActiveCfg = Release|Any CPU
		{788E5C09-7333-4463-8275-352D2905FDC7}.Release|x86.Build.0 = Release|Any CPU
		{8F28A374-49D7-445B-918D-3C09A0989752}.Debug|Any CPU.ActiveCfg = Debug|Any CPU
		{8F28A374-49D7-445B-918D-3C09A0989752}.Debug|Any CPU.Build.0 = Debug|Any CPU
		{8F28A374-49D7-445B-918D-3C09A0989752}.Debug|ARM.ActiveCfg = Debug|Any CPU
		{8F28A374-49D7-445B-918D-3C09A0989752}.Debug|ARM.Build.0 = Debug|Any CPU
		{8F28A374-49D7-445B-918D-3C09A0989752}.Debug|x64.ActiveCfg = Debug|Any CPU
		{8F28A374-49D7-445B-918D-3C09A0989752}.Debug|x64.Build.0 = Debug|Any CPU
		{8F28A374-49D7-445B-918D-3C09A0989752}.Debug|x86.ActiveCfg = Debug|Any CPU
		{8F28A374-49D7-445B-918D-3C09A0989752}.Debug|x86.Build.0 = Debug|Any CPU
		{8F28A374-49D7-445B-918D-3C09A0989752}.Release|Any CPU.ActiveCfg = Release|Any CPU
		{8F28A374-49D7-445B-918D-3C09A0989752}.Release|Any CPU.Build.0 = Release|Any CPU
		{8F28A374-49D7-445B-918D-3C09A0989752}.Release|ARM.ActiveCfg = Release|Any CPU
		{8F28A374-49D7-445B-918D-3C09A0989752}.Release|ARM.Build.0 = Release|Any CPU
		{8F28A374-49D7-445B-918D-3C09A0989752}.Release|x64.ActiveCfg = Release|Any CPU
		{8F28A374-49D7-445B-918D-3C09A0989752}.Release|x64.Build.0 = Release|Any CPU
		{8F28A374-49D7-445B-918D-3C09A0989752}.Release|x86.ActiveCfg = Release|Any CPU
		{8F28A374-49D7-445B-918D-3C09A0989752}.Release|x86.Build.0 = Release|Any CPU
		{BA7A6947-ADEE-47EB-A438-09CD981E9FEF}.Debug|Any CPU.ActiveCfg = Debug|Any CPU
		{BA7A6947-ADEE-47EB-A438-09CD981E9FEF}.Debug|Any CPU.Build.0 = Debug|Any CPU
		{BA7A6947-ADEE-47EB-A438-09CD981E9FEF}.Debug|ARM.ActiveCfg = Debug|Any CPU
		{BA7A6947-ADEE-47EB-A438-09CD981E9FEF}.Debug|ARM.Build.0 = Debug|Any CPU
		{BA7A6947-ADEE-47EB-A438-09CD981E9FEF}.Debug|x64.ActiveCfg = Debug|Any CPU
		{BA7A6947-ADEE-47EB-A438-09CD981E9FEF}.Debug|x64.Build.0 = Debug|Any CPU
		{BA7A6947-ADEE-47EB-A438-09CD981E9FEF}.Debug|x86.ActiveCfg = Debug|Any CPU
		{BA7A6947-ADEE-47EB-A438-09CD981E9FEF}.Debug|x86.Build.0 = Debug|Any CPU
		{BA7A6947-ADEE-47EB-A438-09CD981E9FEF}.Release|Any CPU.ActiveCfg = Release|Any CPU
		{BA7A6947-ADEE-47EB-A438-09CD981E9FEF}.Release|Any CPU.Build.0 = Release|Any CPU
		{BA7A6947-ADEE-47EB-A438-09CD981E9FEF}.Release|ARM.ActiveCfg = Release|Any CPU
		{BA7A6947-ADEE-47EB-A438-09CD981E9FEF}.Release|ARM.Build.0 = Release|Any CPU
		{BA7A6947-ADEE-47EB-A438-09CD981E9FEF}.Release|x64.ActiveCfg = Release|Any CPU
		{BA7A6947-ADEE-47EB-A438-09CD981E9FEF}.Release|x64.Build.0 = Release|Any CPU
		{BA7A6947-ADEE-47EB-A438-09CD981E9FEF}.Release|x86.ActiveCfg = Release|Any CPU
		{BA7A6947-ADEE-47EB-A438-09CD981E9FEF}.Release|x86.Build.0 = Release|Any CPU
		{5CF337ED-8AB6-456C-BA5B-8BAA01591E2D}.Debug|Any CPU.ActiveCfg = Debug|Any CPU
		{5CF337ED-8AB6-456C-BA5B-8BAA01591E2D}.Debug|Any CPU.Build.0 = Debug|Any CPU
		{5CF337ED-8AB6-456C-BA5B-8BAA01591E2D}.Debug|ARM.ActiveCfg = Debug|Any CPU
		{5CF337ED-8AB6-456C-BA5B-8BAA01591E2D}.Debug|ARM.Build.0 = Debug|Any CPU
		{5CF337ED-8AB6-456C-BA5B-8BAA01591E2D}.Debug|x64.ActiveCfg = Debug|Any CPU
		{5CF337ED-8AB6-456C-BA5B-8BAA01591E2D}.Debug|x64.Build.0 = Debug|Any CPU
		{5CF337ED-8AB6-456C-BA5B-8BAA01591E2D}.Debug|x86.ActiveCfg = Debug|Any CPU
		{5CF337ED-8AB6-456C-BA5B-8BAA01591E2D}.Debug|x86.Build.0 = Debug|Any CPU
		{5CF337ED-8AB6-456C-BA5B-8BAA01591E2D}.Release|Any CPU.ActiveCfg = Release|Any CPU
		{5CF337ED-8AB6-456C-BA5B-8BAA01591E2D}.Release|Any CPU.Build.0 = Release|Any CPU
		{5CF337ED-8AB6-456C-BA5B-8BAA01591E2D}.Release|ARM.ActiveCfg = Release|Any CPU
		{5CF337ED-8AB6-456C-BA5B-8BAA01591E2D}.Release|ARM.Build.0 = Release|Any CPU
		{5CF337ED-8AB6-456C-BA5B-8BAA01591E2D}.Release|x64.ActiveCfg = Release|Any CPU
		{5CF337ED-8AB6-456C-BA5B-8BAA01591E2D}.Release|x64.Build.0 = Release|Any CPU
		{5CF337ED-8AB6-456C-BA5B-8BAA01591E2D}.Release|x86.ActiveCfg = Release|Any CPU
		{5CF337ED-8AB6-456C-BA5B-8BAA01591E2D}.Release|x86.Build.0 = Release|Any CPU
		{58E688B6-B637-418D-AE2B-1C5AB893954F}.Debug|Any CPU.ActiveCfg = Debug|Any CPU
		{58E688B6-B637-418D-AE2B-1C5AB893954F}.Debug|Any CPU.Build.0 = Debug|Any CPU
		{58E688B6-B637-418D-AE2B-1C5AB893954F}.Debug|ARM.ActiveCfg = Debug|Any CPU
		{58E688B6-B637-418D-AE2B-1C5AB893954F}.Debug|ARM.Build.0 = Debug|Any CPU
		{58E688B6-B637-418D-AE2B-1C5AB893954F}.Debug|x64.ActiveCfg = Debug|Any CPU
		{58E688B6-B637-418D-AE2B-1C5AB893954F}.Debug|x64.Build.0 = Debug|Any CPU
		{58E688B6-B637-418D-AE2B-1C5AB893954F}.Debug|x86.ActiveCfg = Debug|Any CPU
		{58E688B6-B637-418D-AE2B-1C5AB893954F}.Debug|x86.Build.0 = Debug|Any CPU
		{58E688B6-B637-418D-AE2B-1C5AB893954F}.Release|Any CPU.ActiveCfg = Release|Any CPU
		{58E688B6-B637-418D-AE2B-1C5AB893954F}.Release|Any CPU.Build.0 = Release|Any CPU
		{58E688B6-B637-418D-AE2B-1C5AB893954F}.Release|ARM.ActiveCfg = Release|Any CPU
		{58E688B6-B637-418D-AE2B-1C5AB893954F}.Release|ARM.Build.0 = Release|Any CPU
		{58E688B6-B637-418D-AE2B-1C5AB893954F}.Release|x64.ActiveCfg = Release|Any CPU
		{58E688B6-B637-418D-AE2B-1C5AB893954F}.Release|x64.Build.0 = Release|Any CPU
		{58E688B6-B637-418D-AE2B-1C5AB893954F}.Release|x86.ActiveCfg = Release|Any CPU
		{58E688B6-B637-418D-AE2B-1C5AB893954F}.Release|x86.Build.0 = Release|Any CPU
		{79A68444-B3E3-4A26-8C2D-9BF6B59745F9}.Debug|Any CPU.ActiveCfg = Debug|Any CPU
		{79A68444-B3E3-4A26-8C2D-9BF6B59745F9}.Debug|Any CPU.Build.0 = Debug|Any CPU
		{79A68444-B3E3-4A26-8C2D-9BF6B59745F9}.Debug|ARM.ActiveCfg = Debug|Any CPU
		{79A68444-B3E3-4A26-8C2D-9BF6B59745F9}.Debug|ARM.Build.0 = Debug|Any CPU
		{79A68444-B3E3-4A26-8C2D-9BF6B59745F9}.Debug|x64.ActiveCfg = Debug|Any CPU
		{79A68444-B3E3-4A26-8C2D-9BF6B59745F9}.Debug|x64.Build.0 = Debug|Any CPU
		{79A68444-B3E3-4A26-8C2D-9BF6B59745F9}.Debug|x86.ActiveCfg = Debug|Any CPU
		{79A68444-B3E3-4A26-8C2D-9BF6B59745F9}.Debug|x86.Build.0 = Debug|Any CPU
		{79A68444-B3E3-4A26-8C2D-9BF6B59745F9}.Release|Any CPU.ActiveCfg = Release|Any CPU
		{79A68444-B3E3-4A26-8C2D-9BF6B59745F9}.Release|Any CPU.Build.0 = Release|Any CPU
		{79A68444-B3E3-4A26-8C2D-9BF6B59745F9}.Release|ARM.ActiveCfg = Release|Any CPU
		{79A68444-B3E3-4A26-8C2D-9BF6B59745F9}.Release|ARM.Build.0 = Release|Any CPU
		{79A68444-B3E3-4A26-8C2D-9BF6B59745F9}.Release|x64.ActiveCfg = Release|Any CPU
		{79A68444-B3E3-4A26-8C2D-9BF6B59745F9}.Release|x64.Build.0 = Release|Any CPU
		{79A68444-B3E3-4A26-8C2D-9BF6B59745F9}.Release|x86.ActiveCfg = Release|Any CPU
		{79A68444-B3E3-4A26-8C2D-9BF6B59745F9}.Release|x86.Build.0 = Release|Any CPU
		{848BEA41-DED7-418C-B9F2-476F14A4ABFF}.Debug|Any CPU.ActiveCfg = Debug|Any CPU
		{848BEA41-DED7-418C-B9F2-476F14A4ABFF}.Debug|Any CPU.Build.0 = Debug|Any CPU
		{848BEA41-DED7-418C-B9F2-476F14A4ABFF}.Debug|ARM.ActiveCfg = Debug|Any CPU
		{848BEA41-DED7-418C-B9F2-476F14A4ABFF}.Debug|ARM.Build.0 = Debug|Any CPU
		{848BEA41-DED7-418C-B9F2-476F14A4ABFF}.Debug|x64.ActiveCfg = Debug|Any CPU
		{848BEA41-DED7-418C-B9F2-476F14A4ABFF}.Debug|x64.Build.0 = Debug|Any CPU
		{848BEA41-DED7-418C-B9F2-476F14A4ABFF}.Debug|x86.ActiveCfg = Debug|Any CPU
		{848BEA41-DED7-418C-B9F2-476F14A4ABFF}.Debug|x86.Build.0 = Debug|Any CPU
		{848BEA41-DED7-418C-B9F2-476F14A4ABFF}.Release|Any CPU.ActiveCfg = Release|Any CPU
		{848BEA41-DED7-418C-B9F2-476F14A4ABFF}.Release|Any CPU.Build.0 = Release|Any CPU
		{848BEA41-DED7-418C-B9F2-476F14A4ABFF}.Release|ARM.ActiveCfg = Release|Any CPU
		{848BEA41-DED7-418C-B9F2-476F14A4ABFF}.Release|ARM.Build.0 = Release|Any CPU
		{848BEA41-DED7-418C-B9F2-476F14A4ABFF}.Release|x64.ActiveCfg = Release|Any CPU
		{848BEA41-DED7-418C-B9F2-476F14A4ABFF}.Release|x64.Build.0 = Release|Any CPU
		{848BEA41-DED7-418C-B9F2-476F14A4ABFF}.Release|x86.ActiveCfg = Release|Any CPU
		{848BEA41-DED7-418C-B9F2-476F14A4ABFF}.Release|x86.Build.0 = Release|Any CPU
		{AFCC41DB-3472-48C1-B1A1-969FF027951B}.Debug|Any CPU.ActiveCfg = Debug|Any CPU
		{AFCC41DB-3472-48C1-B1A1-969FF027951B}.Debug|Any CPU.Build.0 = Debug|Any CPU
		{AFCC41DB-3472-48C1-B1A1-969FF027951B}.Debug|Any CPU.Deploy.0 = Debug|Any CPU
		{AFCC41DB-3472-48C1-B1A1-969FF027951B}.Debug|ARM.ActiveCfg = Debug|Any CPU
		{AFCC41DB-3472-48C1-B1A1-969FF027951B}.Debug|ARM.Build.0 = Debug|Any CPU
		{AFCC41DB-3472-48C1-B1A1-969FF027951B}.Debug|ARM.Deploy.0 = Debug|Any CPU
		{AFCC41DB-3472-48C1-B1A1-969FF027951B}.Debug|x64.ActiveCfg = Debug|Any CPU
		{AFCC41DB-3472-48C1-B1A1-969FF027951B}.Debug|x64.Build.0 = Debug|Any CPU
		{AFCC41DB-3472-48C1-B1A1-969FF027951B}.Debug|x64.Deploy.0 = Debug|Any CPU
		{AFCC41DB-3472-48C1-B1A1-969FF027951B}.Debug|x86.ActiveCfg = Debug|Any CPU
		{AFCC41DB-3472-48C1-B1A1-969FF027951B}.Debug|x86.Build.0 = Debug|Any CPU
		{AFCC41DB-3472-48C1-B1A1-969FF027951B}.Debug|x86.Deploy.0 = Debug|Any CPU
		{AFCC41DB-3472-48C1-B1A1-969FF027951B}.Release|Any CPU.ActiveCfg = Release|Any CPU
		{AFCC41DB-3472-48C1-B1A1-969FF027951B}.Release|Any CPU.Build.0 = Release|Any CPU
		{AFCC41DB-3472-48C1-B1A1-969FF027951B}.Release|Any CPU.Deploy.0 = Release|Any CPU
		{AFCC41DB-3472-48C1-B1A1-969FF027951B}.Release|ARM.ActiveCfg = Release|Any CPU
		{AFCC41DB-3472-48C1-B1A1-969FF027951B}.Release|ARM.Build.0 = Release|Any CPU
		{AFCC41DB-3472-48C1-B1A1-969FF027951B}.Release|ARM.Deploy.0 = Release|Any CPU
		{AFCC41DB-3472-48C1-B1A1-969FF027951B}.Release|x64.ActiveCfg = Release|Any CPU
		{AFCC41DB-3472-48C1-B1A1-969FF027951B}.Release|x64.Build.0 = Release|Any CPU
		{AFCC41DB-3472-48C1-B1A1-969FF027951B}.Release|x64.Deploy.0 = Release|Any CPU
		{AFCC41DB-3472-48C1-B1A1-969FF027951B}.Release|x86.ActiveCfg = Release|Any CPU
		{AFCC41DB-3472-48C1-B1A1-969FF027951B}.Release|x86.Build.0 = Release|Any CPU
		{AFCC41DB-3472-48C1-B1A1-969FF027951B}.Release|x86.Deploy.0 = Release|Any CPU
		{7D780A81-F5A7-4F36-9FE5-194AB8E5C4E8}.Debug|Any CPU.ActiveCfg = Debug|Any CPU
		{7D780A81-F5A7-4F36-9FE5-194AB8E5C4E8}.Debug|Any CPU.Build.0 = Debug|Any CPU
		{7D780A81-F5A7-4F36-9FE5-194AB8E5C4E8}.Debug|ARM.ActiveCfg = Debug|Any CPU
		{7D780A81-F5A7-4F36-9FE5-194AB8E5C4E8}.Debug|ARM.Build.0 = Debug|Any CPU
		{7D780A81-F5A7-4F36-9FE5-194AB8E5C4E8}.Debug|x64.ActiveCfg = Debug|Any CPU
		{7D780A81-F5A7-4F36-9FE5-194AB8E5C4E8}.Debug|x64.Build.0 = Debug|Any CPU
		{7D780A81-F5A7-4F36-9FE5-194AB8E5C4E8}.Debug|x86.ActiveCfg = Debug|Any CPU
		{7D780A81-F5A7-4F36-9FE5-194AB8E5C4E8}.Debug|x86.Build.0 = Debug|Any CPU
		{7D780A81-F5A7-4F36-9FE5-194AB8E5C4E8}.Release|Any CPU.ActiveCfg = Release|Any CPU
		{7D780A81-F5A7-4F36-9FE5-194AB8E5C4E8}.Release|Any CPU.Build.0 = Release|Any CPU
		{7D780A81-F5A7-4F36-9FE5-194AB8E5C4E8}.Release|ARM.ActiveCfg = Release|Any CPU
		{7D780A81-F5A7-4F36-9FE5-194AB8E5C4E8}.Release|ARM.Build.0 = Release|Any CPU
		{7D780A81-F5A7-4F36-9FE5-194AB8E5C4E8}.Release|x64.ActiveCfg = Release|Any CPU
		{7D780A81-F5A7-4F36-9FE5-194AB8E5C4E8}.Release|x64.Build.0 = Release|Any CPU
		{7D780A81-F5A7-4F36-9FE5-194AB8E5C4E8}.Release|x86.ActiveCfg = Release|Any CPU
		{7D780A81-F5A7-4F36-9FE5-194AB8E5C4E8}.Release|x86.Build.0 = Release|Any CPU
		{EAFB31B7-4E31-45E4-9F60-F15D07DD6157}.Debug|Any CPU.ActiveCfg = Debug|Any CPU
		{EAFB31B7-4E31-45E4-9F60-F15D07DD6157}.Debug|Any CPU.Build.0 = Debug|Any CPU
		{EAFB31B7-4E31-45E4-9F60-F15D07DD6157}.Debug|ARM.ActiveCfg = Debug|Any CPU
		{EAFB31B7-4E31-45E4-9F60-F15D07DD6157}.Debug|ARM.Build.0 = Debug|Any CPU
		{EAFB31B7-4E31-45E4-9F60-F15D07DD6157}.Debug|x64.ActiveCfg = Debug|Any CPU
		{EAFB31B7-4E31-45E4-9F60-F15D07DD6157}.Debug|x64.Build.0 = Debug|Any CPU
		{EAFB31B7-4E31-45E4-9F60-F15D07DD6157}.Debug|x86.ActiveCfg = Debug|Any CPU
		{EAFB31B7-4E31-45E4-9F60-F15D07DD6157}.Debug|x86.Build.0 = Debug|Any CPU
		{EAFB31B7-4E31-45E4-9F60-F15D07DD6157}.Release|Any CPU.ActiveCfg = Release|Any CPU
		{EAFB31B7-4E31-45E4-9F60-F15D07DD6157}.Release|Any CPU.Build.0 = Release|Any CPU
		{EAFB31B7-4E31-45E4-9F60-F15D07DD6157}.Release|ARM.ActiveCfg = Release|Any CPU
		{EAFB31B7-4E31-45E4-9F60-F15D07DD6157}.Release|ARM.Build.0 = Release|Any CPU
		{EAFB31B7-4E31-45E4-9F60-F15D07DD6157}.Release|x64.ActiveCfg = Release|Any CPU
		{EAFB31B7-4E31-45E4-9F60-F15D07DD6157}.Release|x64.Build.0 = Release|Any CPU
		{EAFB31B7-4E31-45E4-9F60-F15D07DD6157}.Release|x86.ActiveCfg = Release|Any CPU
		{EAFB31B7-4E31-45E4-9F60-F15D07DD6157}.Release|x86.Build.0 = Release|Any CPU
	EndGlobalSection
	GlobalSection(SolutionProperties) = preSolution
		HideSolutionNode = FALSE
	EndGlobalSection
	GlobalSection(ExtensibilityGlobals) = postSolution
		SolutionGuid = {E4E3C61A-19B8-473A-8C93-8390EF3DCE34}
	EndGlobalSection
EndGlobal
